{"format_version":"1.0","provider_schemas":{"registry.terraform.io/ansible/aap":{"provider":{"version":0,"block":{"attributes":{"host":{"type":"string","description":"AAP Server URL. Can also be configured using the `AAP_HOSTNAME` environment variable.","description_kind":"markdown","optional":true},"insecure_skip_verify":{"type":"bool","description":"If true, configures the provider to skip TLS certificate verification. Can also be configured by setting the `AAP_INSECURE_SKIP_VERIFY` environment variable.","description_kind":"markdown","optional":true},"password":{"type":"string","description":"Password to use for basic authentication. Ignored if token is set. Can also be configured by setting the `AAP_PASSWORD` environment variable.","description_kind":"markdown","optional":true,"sensitive":true},"timeout":{"type":"number","description":"Timeout specifies a time limit for requests made to the AAP server. Defaults to 5 if not provided. A Timeout of zero means no timeout. Can also be configured by setting the `AAP_TIMEOUT` environment variable","description_kind":"markdown","optional":true},"token":{"type":"string","description":"Token to use for token authentication. Can also be configured by setting the `AAP_TOKEN` environment variable.","description_kind":"markdown","optional":true,"sensitive":true},"username":{"type":"string","description":"Username to use for basic authentication. Ignored if token is set. Can also be configured by setting the `AAP_USERNAME` environment variable.","description_kind":"markdown","optional":true}},"description_kind":"plain"}},"resource_schemas":{"aap_group":{"version":0,"block":{"attributes":{"description":{"type":"string","description":"Description for the group","description_kind":"plain","optional":true},"id":{"type":"number","description":"Group Id","description_kind":"plain","computed":true},"inventory_id":{"type":"number","description":"Inventory id","description_kind":"plain","required":true},"name":{"type":"string","description":"Name of the group","description_kind":"plain","required":true},"url":{"type":"string","description":"URL for the group","description_kind":"plain","computed":true},"variables":{"type":"string","description":"Variables for the group configuration. Must be provided as either a JSON or YAML string.","description_kind":"plain","optional":true}},"description":"Creates an inventory group.","description_kind":"plain"}},"aap_host":{"version":0,"block":{"attributes":{"description":{"type":"string","description":"Description for the host","description_kind":"plain","optional":true},"enabled":{"type":"bool","description":"Denotes if the host is online and is available","description_kind":"plain","optional":true,"computed":true},"groups":{"type":["set","number"],"description":"The list of groups to assosicate with a host.","description_kind":"plain","optional":true},"id":{"type":"number","description":"ID of the host","description_kind":"plain","computed":true},"inventory_id":{"type":"number","description":"Inventory id","description_kind":"plain","required":true},"name":{"type":"string","description":"Name of the host","description_kind":"plain","required":true},"url":{"type":"string","description":"URL of the host","description_kind":"plain","computed":true},"variables":{"type":"string","description":"Variables for the host configuration. Must be provided as either a JSON or YAML string.","description_kind":"plain","optional":true}},"description":"Creates a host.","description_kind":"plain"}},"aap_inventory":{"version":0,"block":{"attributes":{"description":{"type":"string","description":"Description for the inventory","description_kind":"plain","optional":true},"id":{"type":"number","description":"Inventory id","description_kind":"plain","computed":true},"name":{"type":"string","description":"Name of the inventory","description_kind":"plain","required":true},"named_url":{"type":"string","description":"Named URL of the inventory","description_kind":"plain","computed":true},"organization":{"type":"number","description":"Identifier for the organization the inventory should be created in. If not provided, the inventory will be created in the default organization. NOTICE the organization attribute will be required in release 2.0.0","description_kind":"plain","optional":true,"computed":true},"organization_name":{"type":"string","description":"Name for the organization.","description_kind":"plain","computed":true},"url":{"type":"string","description":"URL of the inventory","description_kind":"plain","computed":true},"variables":{"type":"string","description":"Inventory variables. Must be provided as either a JSON or YAML string.","description_kind":"plain","optional":true}},"description":"Creates an inventory.","description_kind":"plain"}},"aap_job":{"version":0,"block":{"attributes":{"extra_vars":{"type":"string","description":"Extra Variables. Must be provided as either a JSON or YAML string.","description_kind":"plain","optional":true},"ignored_fields":{"type":["list","string"],"description":"The list of properties set by the user but ignored on server side.","description_kind":"plain","computed":true},"inventory_id":{"type":"number","description":"Identifier for the inventory where job should be created in. If not provided, the job will be created in the default inventory.","description_kind":"plain","optional":true,"computed":true},"job_template_id":{"type":"number","description":"ID of the job template.","description_kind":"plain","required":true},"job_type":{"type":"string","description":"Job type","description_kind":"plain","computed":true},"status":{"type":"string","description":"Status of the job","description_kind":"plain","computed":true},"triggers":{"type":["map","string"],"description":"Map of arbitrary keys and values that, when changed, will trigger a creation of a new Job on AAP. Use 'terraform taint' if you want to force the creation of a new job without changing this value.","description_kind":"plain","optional":true},"url":{"type":"string","description":"URL of the job template","description_kind":"plain","computed":true},"wait_for_completion":{"type":"bool","description":"When this is set to `true`, Terraform will wait until this aap_job resource is created, reaches any final status and then, proceeds with the following resource operation","description_kind":"plain","optional":true,"computed":true},"wait_for_completion_timeout_seconds":{"type":"number","description":"Sets the maximum amount of seconds Terraform will wait before timing out the updates, and the job creation will fail. Default value of `120`","description_kind":"plain","optional":true,"computed":true}},"description":"Launches an AAP job.\n\nA job is launched only when the resource is first created or when the resource is changed. The `triggers` argument can be used to launch a new job based on any arbitrary value.\n\nThis resource always creates a new job in AAP. A destroy will not delete a job created by this resource, it will only remove the resource from the state.\n\nMoreover, you can set `wait_for_completion` to true, then Terraform will wait until this job is created and reaches any final state before continuing. This parameter works in both create and update operations.\n\nYou can also tweak `wait_for_completion_timeout_seconds` to control the timeout limit.","description_kind":"markdown"}},"aap_workflow_job":{"version":0,"block":{"attributes":{"extra_vars":{"type":"string","description":"Extra Variables. Must be provided as either a JSON or YAML string.","description_kind":"plain","optional":true},"ignored_fields":{"type":["list","string"],"description":"The list of properties set by the user but ignored on server side.","description_kind":"plain","computed":true},"inventory_id":{"type":"number","description":"Identifier for the inventory the job will be run against.","description_kind":"plain","optional":true,"computed":true},"job_type":{"type":"string","description":"Job type","description_kind":"plain","computed":true},"status":{"type":"string","description":"Status of the workflow job","description_kind":"plain","computed":true},"triggers":{"type":["map","string"],"description":"Map of arbitrary keys and values that, when changed, will trigger a creation of a new Workflow Job on AAP. Use 'terraform taint' if you want to force the creation of a new workflow job without changing this value.","description_kind":"plain","optional":true},"url":{"type":"string","description":"URL of the workflow job template","description_kind":"plain","computed":true},"workflow_job_template_id":{"type":"number","description":"ID of the workflow job template.","description_kind":"plain","required":true}},"description":"Launches an AAP workflow job.\n\nA workflow job is launched only when the resource is first created or when the resource is changed. The `triggers` argument can be used to launch a new workflow job based on any arbitrary value.\n\nThis resource always creates a new workflow job in AAP. A destroy will not delete a workflow job created by this resource, it will only remove the resource from the state.","description_kind":"markdown"}}},"data_source_schemas":{"aap_eda_eventstream":{"version":0,"block":{"attributes":{"id":{"type":"number","description":"EDA Event Stream id","description_kind":"plain","computed":true},"name":{"type":"string","description":"Name of the EDA Event Stream","description_kind":"plain","required":true},"url":{"type":"string","description":"URL of the EDA Event Stream","description_kind":"plain","computed":true}},"description":"Gets an existing EDA Event Stream.","description_kind":"plain"}},"aap_inventory":{"version":0,"block":{"attributes":{"description":{"type":"string","description":"Description of the Inventory","description_kind":"plain","computed":true},"id":{"type":"number","description":"Inventory id","description_kind":"plain","optional":true},"name":{"type":"string","description":"Name of the Inventory","description_kind":"plain","optional":true},"named_url":{"type":"string","description":"The Named URL of the Inventory","description_kind":"plain","computed":true},"organization":{"type":"number","description":"Identifier for the organization to which the Inventory belongs","description_kind":"plain","optional":true},"organization_name":{"type":"string","description":"The name for the organization to which the Inventory belongs","description_kind":"plain","optional":true},"url":{"type":"string","description":"URL of the Inventory","description_kind":"plain","computed":true},"variables":{"type":"string","description":"Variables of the Inventory. Will be either JSON or YAML string depending on how the variables were entered into AAP.","description_kind":"plain","deprecated":true,"computed":true}},"description":"Get an existing Inventory.","description_kind":"plain"}},"aap_job_template":{"version":0,"block":{"attributes":{"description":{"type":"string","description":"Description of the JobTemplate","description_kind":"plain","computed":true},"id":{"type":"number","description":"JobTemplate id","description_kind":"plain","optional":true},"name":{"type":"string","description":"Name of the JobTemplate","description_kind":"plain","optional":true},"named_url":{"type":"string","description":"The Named URL of the JobTemplate","description_kind":"plain","computed":true},"organization":{"type":"number","description":"Identifier for the organization to which the JobTemplate belongs","description_kind":"plain","optional":true},"organization_name":{"type":"string","description":"The name for the organization to which the JobTemplate belongs","description_kind":"plain","optional":true},"url":{"type":"string","description":"URL of the JobTemplate","description_kind":"plain","computed":true},"variables":{"type":"string","description":"Variables of the JobTemplate. Will be either JSON or YAML string depending on how the variables were entered into AAP.","description_kind":"plain","deprecated":true,"computed":true}},"description":"Get an existing JobTemplate.","description_kind":"plain"}},"aap_organization":{"version":0,"block":{"attributes":{"description":{"type":"string","description":"Description of the Organization","description_kind":"plain","computed":true},"id":{"type":"number","description":"Organization id","description_kind":"plain","optional":true},"name":{"type":"string","description":"Name of the Organization","description_kind":"plain","optional":true},"named_url":{"type":"string","description":"The Named URL of the Organization","description_kind":"plain","computed":true},"url":{"type":"string","description":"URL of the Organization","description_kind":"plain","computed":true},"variables":{"type":"string","description":"Variables of the Organization. Will be either JSON or YAML string depending on how the variables were entered into AAP.","description_kind":"plain","deprecated":true,"computed":true}},"description":"Get an existing Organization.","description_kind":"plain"}},"aap_workflow_job_template":{"version":0,"block":{"attributes":{"description":{"type":"string","description":"Description of the WorkflowJobTemplate","description_kind":"plain","computed":true},"id":{"type":"number","description":"WorkflowJobTemplate id","description_kind":"plain","optional":true},"name":{"type":"string","description":"Name of the WorkflowJobTemplate","description_kind":"plain","optional":true},"named_url":{"type":"string","description":"The Named URL of the WorkflowJobTemplate","description_kind":"plain","computed":true},"organization":{"type":"number","description":"Identifier for the organization to which the WorkflowJobTemplate belongs","description_kind":"plain","optional":true},"organization_name":{"type":"string","description":"The name for the organization to which the WorkflowJobTemplate belongs","description_kind":"plain","optional":true},"url":{"type":"string","description":"URL of the WorkflowJobTemplate","description_kind":"plain","computed":true},"variables":{"type":"string","description":"Variables of the WorkflowJobTemplate. Will be either JSON or YAML string depending on how the variables were entered into AAP.","description_kind":"plain","deprecated":true,"computed":true}},"description":"Get an existing WorkflowJobTemplate.","description_kind":"plain"}}}}}}
